// !$*UTF8*$!
{
	archiveVersion = 1;
	classes = {
	};
	objectVersion = 46;
	objects = {

/* Begin PBXBuildFile section */
		3983100D1BD3EEFC008E5822 /* main.m in Sources */ = {isa = PBXBuildFile; fileRef = 3983100C1BD3EEFC008E5822 /* main.m */; };
		398310101BD3EEFC008E5822 /* AppDelegate.m in Sources */ = {isa = PBXBuildFile; fileRef = 3983100F1BD3EEFC008E5822 /* AppDelegate.m */; };
		398310131BD3EEFC008E5822 /* ViewController.m in Sources */ = {isa = PBXBuildFile; fileRef = 398310121BD3EEFC008E5822 /* ViewController.m */; };
		398310161BD3EEFC008E5822 /* Main.storyboard in Resources */ = {isa = PBXBuildFile; fileRef = 398310141BD3EEFC008E5822 /* Main.storyboard */; };
		398310181BD3EEFC008E5822 /* Assets.xcassets in Resources */ = {isa = PBXBuildFile; fileRef = 398310171BD3EEFC008E5822 /* Assets.xcassets */; };
		3983101B1BD3EEFC008E5822 /* LaunchScreen.storyboard in Resources */ = {isa = PBXBuildFile; fileRef = 398310191BD3EEFC008E5822 /* LaunchScreen.storyboard */; };
		39B41D501BD3FC58005F6554 /* NSObject+RFDestoryNotify.m in Sources */ = {isa = PBXBuildFile; fileRef = 39B41D4F1BD3FC58005F6554 /* NSObject+RFDestoryNotify.m */; settings = {ASSET_TAGS = (); }; };
/* End PBXBuildFile section */

/* Begin PBXFileReference section */
		398310081BD3EEFC008E5822 /* RFDestoryNotify.app */ = {isa = PBXFileReference; explicitFileType = wrapper.application; includeInIndex = 0; path = RFDestoryNotify.app; sourceTree = BUILT_PRODUCTS_DIR; };
		3983100C1BD3EEFC008E5822 /* main.m */ = {isa = PBXFileReference; lastKnownFileType = sourcecode.c.objc; path = main.m; sourceTree = "<group>"; };
		3983100E1BD3EEFC008E5822 /* AppDelegate.h */ = {isa = PBXFileReference; lastKnownFileType = sourcecode.c.h; path = AppDelegate.h; sourceTree = "<group>"; };
		3983100F1BD3EEFC008E5822 /* AppDelegate.m */ = {isa = PBXFileReference; lastKnownFileType = sourcecode.c.objc; path = AppDelegate.m; sourceTree = "<group>"; };
		398310111BD3EEFC008E5822 /* ViewController.h */ = {isa = PBXFileReference; lastKnownFileType = sourcecode.c.h; path = ViewController.h; sourceTree = "<group>"; };
		398310121BD3EEFC008E5822 /* ViewController.m */ = {isa = PBXFileReference; lastKnownFileType = sourcecode.c.objc; path = ViewController.m; sourceTree = "<group>"; };
		398310151BD3EEFC008E5822 /* Base */ = {isa = PBXFileReference; lastKnownFileType = file.storyboard; name = Base; path = Base.lproj/Main.storyboard; sourceTree = "<group>"; };
		398310171BD3EEFC008E5822 /* Assets.xcassets */ = {isa = PBXFileReference; lastKnownFileType = folder.assetcatalog; path = Assets.xcassets; sourceTree = "<group>"; };
		3983101A1BD3EEFC008E5822 /* Base */ = {isa = PBXFileReference; lastKnownFileType = file.storyboard; name = Base; path = Base.lproj/LaunchScreen.storyboard; sourceTree = "<group>"; };
		3983101C1BD3EEFC008E5822 /* Info.plist */ = {isa = PBXFileReference; lastKnownFileType = text.plist.xml; path = Info.plist; sourceTree = "<group>"; };
		39B41D4E1BD3FC58005F6554 /* NSObject+RFDestoryNotify.h */ = {isa = PBXFileReference; fileEncoding = 4; lastKnownFileType = sourcecode.c.h; path = "NSObject+RFDestoryNotify.h"; sourceTree = "<group>"; };
		39B41D4F1BD3FC58005F6554 /* NSObject+RFDestoryNotify.m */ = {isa = PBXFileReference; fileEncoding = 4; lastKnownFileType = sourcecode.c.objc; path = "NSObject+RFDestoryNotify.m"; sourceTree = "<group>"; };
/* End PBXFileReference section */

/* Begin PBXFrameworksBuildPhase section */
		398310051BD3EEFC008E5822 /* Frameworks */ = {
			isa = PBXFrameworksBuildPhase;
			buildActionMask = 2147483647;
			files = (
			);
			runOnlyForDeploymentPostprocessing = 0;
		};
/* End PBXFrameworksBuildPhase section */

/* Begin PBXGroup section */
		39830FFF1BD3EEFC008E5822 = {
			isa = PBXGroup;
			children = (
				3983100A1BD3EEFC008E5822 /* RFDestoryNotify */,
				398310091BD3EEFC008E5822 /* Products */,
			);
			sourceTree = "<group>";
		};
		398310091BD3EEFC008E5822 /* Products */ = {
			isa = PBXGroup;
			children = (
				398310081BD3EEFC008E5822 /* RFDestoryNotify.app */,
			);
			name = Products;
			sourceTree = "<group>";
		};
		3983100A1BD3EEFC008E5822 /* RFDestoryNotify */ = {
			isa = PBXGroup;
			children = (
				39B41D4D1BD3FC58005F6554 /* RFDestoryNotify */,
				3983100E1BD3EEFC008E5822 /* AppDelegate.h */,
				3983100F1BD3EEFC008E5822 /* AppDelegate.m */,
				398310111BD3EEFC008E5822 /* ViewController.h */,
				398310121BD3EEFC008E5822 /* ViewController.m */,
				398310141BD3EEFC008E5822 /* Main.storyboard */,
				398310171BD3EEFC008E5822 /* Assets.xcassets */,
				398310191BD3EEFC008E5822 /* LaunchScreen.storyboard */,
				3983101C1BD3EEFC008E5822 /* Info.plist */,
				3983100B1BD3EEFC008E5822 /* Supporting Files */,
			);
			path = RFDestoryNotify;
			sourceTree = "<group>";
		};
		3983100B1BD3EEFC008E5822 /* Supporting Files */ = {
			isa = PBXGroup;
			children = (
				3983100C1BD3EEFC008E5822 /* main.m */,
			);
			name = "Supporting Files";
			sourceTree = "<group>";
		};
		39B41D4D1BD3FC58005F6554 /* RFDestoryNotify */ = {
			isa = PBXGroup;
			children = (
				39B41D4E1BD3FC58005F6554 /* NSObject+RFDestoryNotify.h */,
				39B41D4F1BD3FC58005F6554 /* NSObject+RFDestoryNotify.m */,
			);
			path = RFDestoryNotify;
			sourceTree = "<group>";
		};
/* End PBXGroup section */

/* Begin PBXNativeTarget section */
		398310071BD3EEFC008E5822 /* RFDestoryNotify */ = {
			isa = PBXNativeTarget;
			buildConfigurationList = 3983101F1BD3EEFC008E5822 /* Build configuration list for PBXNativeTarget "RFDestoryNotify" */;
			buildPhases = (
				398310041BD3EEFC008E5822 /* Sources */,
				398310051BD3EEFC008E5822 /* Frameworks */,
				398310061BD3EEFC008E5822 /* Resources */,
			);
			buildRules = (
			);
			dependencies = (
			);
			name = RFDestoryNotify;
			productName = RFDestoryNotify;
			productReference = 398310081BD3EEFC008E5822 /* RFDestoryNotify.app */;
			productType = "com.apple.product-type.application";
		};
/* End PBXNativeTarget section */

/* Begin PBXProject section */
		398310001BD3EEFC008E5822 /* Project object */ = {
			isa = PBXProject;
			attributes = {
				LastUpgradeCheck = 0700;
				ORGANIZATIONNAME = GZH;
				TargetAttributes = {
					398310071BD3EEFC008E5822 = {
						CreatedOnToolsVersion = 7.0;
					};
				};
			};
			buildConfigurationList = 398310031BD3EEFC008E5822 /* Build configuration list for PBXProject "RFDestoryNotify" */;
			compatibilityVersion = "Xcode 3.2";
			developmentRegion = English;
			hasScannedForEncodings = 0;
			knownRegions = (
				en,
				Base,
			);
			mainGroup = 39830FFF1BD3EEFC008E5822;
			productRefGroup = 398310091BD3EEFC008E5822 /* Products */;
			projectDirPath = "";
			projectRoot = "";
			targets = (
				398310071BD3EEFC008E5822 /* RFDestoryNotify */,
			);
		};
/* End PBXProject section */

/* Begin PBXResourcesBuildPhase section */
		398310061BD3EEFC008E5822 /* Resources */ = {
			isa = PBXResourcesBuildPhase;
			buildActionMask = 2147483647;
			files = (
				3983101B1BD3EEFC008E5822 /* LaunchScreen.storyboard in Resources */,
				398310181BD3EEFC008E5822 /* Assets.xcassets in Resources */,
				398310161BD3EEFC008E5822 /* Main.storyboard in Resources */,
			);
			runOnlyForDeploymentPostprocessing = 0;
		};
/* End PBXResourcesBuildPhase section */

/* Begin PBXSourcesBuildPhase section */
		398310041BD3EEFC008E5822 /* Sources */ = {
			isa = PBXSourcesBuildPhase;
			buildActionMask = 2147483647;
			files = (
				398310131BD3EEFC008E5822 /* ViewController.m in Sources */,
				398310101BD3EEFC008E5822 /* AppDelegate.m in Sources */,
				3983100D1BD3EEFC008E5822 /* main.m in Sources */,
				39B41D501BD3FC58005F6554 /* NSObject+RFDestoryNotify.m in Sources */,
			);
			runOnlyForDeploymentPostprocessing = 0;
		};
/* End PBXSourcesBuildPhase section */

/* Begin PBXVariantGroup section */
		398310141BD3EEFC008E5822 /* Main.storyboard */ = {
			isa = PBXVariantGroup;
			children = (
				398310151BD3EEFC008E5822 /* Base */,
			);
			name = Main.storyboard;
			sourceTree = "<group>";
		};
		398310191BD3EEFC008E5822 /* LaunchScreen.storyboard */ = {
			isa = PBXVariantGroup;
			children = (
				3983101A1BD3EEFC008E5822 /* Base */,
			);
			name = LaunchScreen.storyboard;
			sourceTree = "<group>";
		};
/* End PBXVariantGroup section */

/* Begin XCBuildConfiguration section */
		3983101D1BD3EEFC008E5822 /* Debug */ = {
			isa = XCBuildConfiguration;
			buildSettings = {
				ALWAYS_SEARCH_USER_PATHS = NO;
				CLANG_CXX_LANGUAGE_STANDARD = "gnu++0x";
				CLANG_CXX_LIBRARY = "libc++";
				CLANG_ENABLE_MODULES = YES;
				CLANG_ENABLE_OBJC_ARC = YES;
				CLANG_WARN_BOOL_CONVERSION = YES;
				CLANG_WARN_CONSTANT_CONVERSION = YES;
				CLANG_WARN_DIRECT_OBJC_ISA_USAGE = YES_ERROR;
				CLANG_WARN_EMPTY_BODY = YES;
				CLANG_WARN_ENUM_CONVERSION = YES;
				CLANG_WARN_INT_CONVERSION = YES;
				CLANG_WARN_OBJC_ROOT_CLASS = YES_ERROR;
				CLANG_WARN_UNREACHABLE_CODE = YES;
				CLANG_WARN__DUPLICATE_METHOD_MATCH = YES;
				"CODE_SIGN_IDENTITY[sdk=iphoneos*]" = "iPhone Developer";
				COPY_PHASE_STRIP = NO;
				DEBUG_INFORMATION_FORMAT = dwarf;
				ENABLE_STRICT_OBJC_MSGSEND = YES;
				ENABLE_TESTABILITY = YES;
				GCC_C_LANGUAGE_STANDARD = gnu99;
				GCC_DYNAMIC_NO_PIC = NO;
				GCC_NO_COMMON_BLOCKS = YES;
				GCC_OPTIMIZATION_LEVEL = 0;
				GCC_PREPROCESSOR_DEFINITIONS = (
					"DEBUG=1",
					"$(inherited)",
				);
				GCC_WARN_64_TO_32_BIT_CONVERSION = YES;
				GCC_WARN_ABOUT_RETURN_TYPE = YES_ERROR;
				GCC_WARN_UNDECLARED_SELECTOR = YES;
				GCC_WARN_UNINITIALIZED_AUTOS = YES_AGGRESSIVE;
				GCC_WARN_UNUSED_FUNCTION = YES;
				GCC_WARN_UNUSED_VARIABLE = YES;
				IPHONEOS_DEPLOYMENT_TARGET = 9.0;
				MTL_ENABLE_DEBUG_INFO = YES;
				ONLY_ACTIVE_ARCH = YES;
				SDKROOT = iphoneos;
			};
			name = Debug;
		};
		3983101E1BD3EEFC008E5822 /* Release */ = {
			isa = XCBuildConfiguration;
			buildSettings = {
				ALWAYS_SEARCH_USER_PATHS = NO;
				CLANG_CXX_LANGUAGE_STANDARD = "gnu++0x";
				CLANG_CXX_LIBRARY = "libc++";
				CLANG_ENABLE_MODULES = YES;
				CLANG_ENABLE_OBJC_ARC = YES;
				CLANG_WARN_BOOL_CONVERSION = YES;
				CLANG_WARN_CONSTANT_CONVERSION = YES;
				CLANG_WARN_DIRECT_OBJC_ISA_USAGE = YES_ERROR;
				CLANG_WARN_EMPTY_BODY = YES;
				CLANG_WARN_ENUM_CONVERSION = YES;
				CLANG_WARN_INT_CONVERSION = YES;
				CLANG_WARN_OBJC_ROOT_CLASS = YES_ERROR;
				CLANG_WARN_UNREACHABLE_CODE = YES;
				CLANG_WARN__DUPLICATE_METHOD_MATCH = YES;
				"CODE_SIGN_IDENTITY[sdk=iphoneos*]" = "iPhone Developer";
				COPY_PHASE_STRIP = NO;
				DEBUG_INFORMATION_FORMAT = "dwarf-with-dsym";
				ENABLE_NS_ASSERTIONS = NO;
				ENABLE_STRICT_OBJC_MSGSEND = YES;
				GCC_C_LANGUAGE_STANDARD = gnu99;
				GCC_NO_COMMON_BLOCKS = YES;
				GCC_WARN_64_TO_32_BIT_CONVERSION = YES;
				GCC_WARN_ABOUT_RETURN_TYPE = YES_ERROR;
				GCC_WARN_UNDECLARED_SELECTOR = YES;
				GCC_WARN_UNINITIALIZED_AUTOS = YES_AGGRESSIVE;
				GCC_WARN_UNUSED_FUNCTION = YES;
				GCC_WARN_UNUSED_VARIABLE = YES;
				IPHONEOS_DEPLOYMENT_TARGET = 9.0;
				MTL_ENABLE_DEBUG_INFO = NO;
				SDKROOT = iphoneos;
				VALIDATE_PRODUCT = YES;
			};
			name = Release;
		};
		398310201BD3EEFC008E5822 /* Debug */ = {
			isa = XCBuildConfiguration;
			buildSettings = {
				ASSETCATALOG_COMPILER_APPICON_NAME = AppIcon;
				CODE_SIGN_IDENTITY = "iPhone Developer";
				INFOPLIST_FILE = RFDestoryNotify/Info.plist;
				LD_RUNPATH_SEARCH_PATHS = "$(inherited) @executable_path/Frameworks";
				PRODUCT_BUNDLE_IDENTIFIER = Refusebt.RFDestoryNotify;
				PRODUCT_NAME = "$(TARGET_NAME)";
			};
			name = Debug;
		};
		398310211BD3EEFC008E5822 /* Release */ = {
			isa = XCBuildConfiguration;
			buildSettings = {
				ASSETCATALOG_COMPILER_APPICON_NAME = AppIcon;
				CODE_SIGN_IDENTITY = "iPhone Developer";
				INFOPLIST_FILE = RFDestoryNotify/Info.plist;
				LD_RUNPATH_SEARCH_PATHS = "$(inherited) @executable_path/Frameworks";
				PRODUCT_BUNDLE_IDENTIFIER = Refusebt.RFDestoryNotify;
				PRODUCT_NAME = "$(TARGET_NAME)";
			};
			name = Release;
		};
/* End XCBuildConfiguration section */

/* Begin XCConfigurationList section */
		398310031BD3EEFC008E5822 /* Build configuration list for PBXProject "RFDestoryNotify" */ = {
			isa = XCConfigurationList;
			buildConfigurations = (
				3983101D1BD3EEFC008E5822 /* Debug */,
				3983101E1BD3EEFC008E5822 /* Release */,
			);
			defaultConfigurationIsVisible = 0;
			defaultConfigurationName = Release;
		};
		3983101F1BD3EEFC008E5822 /* Build configuration list for PBXNativeTarget "RFDestoryNotify" */ = {
			isa = XCConfigurationList;
			buildConfigurations = (
				398310201BD3EEFC008E5822 /* Debug */,
				398310211BD3EEFC008E5822 /* Release */,
			);
			defaultConfigurationIsVisible = 0;
			defaultConfigurationName = Release;
		};
/* End XCConfigurationList section */
	};
	rootObject = 398310001BD3EEFC008E5822 /* Project object */;
}
